
Microsoft Visual Studio Solution File, Format Version 12.00
# Visual Studio 15
VisualStudioVersion = 15.0.27703.2035
MinimumVisualStudioVersion = 10.0.40219.1
Project("{FAE04EC0-301F-11D3-BF4B-00C04F79EFBC}") = "c_charp", "c_charp\c_charp.csproj", "{97546B65-3CEA-45FF-A6A0-6AB0EF108557}"
EndProject
Project("{8BC9CEB8-8B4A-11D0-8D11-00A0C91BC942}") = "c", "c\c.vcxproj", "{12382B14-B0CA-4D05-B922-8CFBB61CAD00}"
EndProject
Project("{8BC9CEB8-8B4A-11D0-8D11-00A0C91BC942}") = "cpp", "cpp\cpp.vcxproj", "{B438BD6A-85DB-4A58-A96D-2E5339808192}"
EndProject
Project("{8BC9CEB8-8B4A-11D0-8D11-00A0C91BC942}") = "win32", "win32\win32.vcxproj", "{BB679290-3A05-4C55-8425-0CF1439C7B4C}"
EndProject
Global
	GlobalSection(SolutionConfigurationPlatforms) = preSolution
		Debug|Any CPU = Debug|Any CPU
		Debug|x64 = Debug|x64
		Debug|x86 = Debug|x86
		Release|Any CPU = Release|Any CPU
		Release|x64 = Release|x64
		Release|x86 = Release|x86
	EndGlobalSection
	GlobalSection(ProjectConfigurationPlatforms) = postSolution
		{97546B65-3CEA-45FF-A6A0-6AB0EF108557}.Debug|Any CPU.ActiveCfg = Debug|Any CPU
		{97546B65-3CEA-45FF-A6A0-6AB0EF108557}.Debug|Any CPU.Build.0 = Debug|Any CPU
		{97546B65-3CEA-45FF-A6A0-6AB0EF108557}.Debug|x64.ActiveCfg = Debug|Any CPU
		{97546B65-3CEA-45FF-A6A0-6AB0EF108557}.Debug|x64.Build.0 = Debug|Any CPU
		{97546B65-3CEA-45FF-A6A0-6AB0EF108557}.Debug|x86.ActiveCfg = Debug|Any CPU
		{97546B65-3CEA-45FF-A6A0-6AB0EF108557}.Debug|x86.Build.0 = Debug|Any CPU
		{97546B65-3CEA-45FF-A6A0-6AB0EF108557}.Release|Any CPU.ActiveCfg = Release|Any CPU
		{97546B65-3CEA-45FF-A6A0-6AB0EF108557}.Release|Any CPU.Build.0 = Release|Any CPU
		{97546B65-3CEA-45FF-A6A0-6AB0EF108557}.Release|x64.ActiveCfg = Release|Any CPU
		{97546B65-3CEA-45FF-A6A0-6AB0EF108557}.Release|x64.Build.0 = Release|Any CPU
		{97546B65-3CEA-45FF-A6A0-6AB0EF108557}.Release|x86.ActiveCfg = Release|Any CPU
		{97546B65-3CEA-45FF-A6A0-6AB0EF108557}.Release|x86.Build.0 = Release|Any CPU
		{12382B14-B0CA-4D05-B922-8CFBB61CAD00}.Debug|Any CPU.ActiveCfg = Debug|Win32
		{12382B14-B0CA-4D05-B922-8CFBB61CAD00}.Debug|x64.ActiveCfg = Debug|x64
		{12382B14-B0CA-4D05-B922-8CFBB61CAD00}.Debug|x64.Build.0 = Debug|x64
		{12382B14-B0CA-4D05-B922-8CFBB61CAD00}.Debug|x86.ActiveCfg = Debug|Win32
		{12382B14-B0CA-4D05-B922-8CFBB61CAD00}.Debug|x86.Build.0 = Debug|Win32
		{12382B14-B0CA-4D05-B922-8CFBB61CAD00}.Release|Any CPU.ActiveCfg = Release|Win32
		{12382B14-B0CA-4D05-B922-8CFBB61CAD00}.Release|x64.ActiveCfg = Release|x64
		{12382B14-B0CA-4D05-B922-8CFBB61CAD00}.Release|x64.Build.0 = Release|x64
		{12382B14-B0CA-4D05-B922-8CFBB61CAD00}.Release|x86.ActiveCfg = Release|Win32
		{12382B14-B0CA-4D05-B922-8CFBB61CAD00}.Release|x86.Build.0 = Release|Win32
		{B438BD6A-85DB-4A58-A96D-2E5339808192}.Debug|Any CPU.ActiveCfg = Debug|Win32
		{B438BD6A-85DB-4A58-A96D-2E5339808192}.Debug|x64.ActiveCfg = Debug|x64
		{B438BD6A-85DB-4A58-A96D-2E5339808192}.Debug|x64.Build.0 = Debug|x64
		{B438BD6A-85DB-4A58-A96D-2E5339808192}.Debug|x86.ActiveCfg = Debug|Win32
		{B438BD6A-85DB-4A58-A96D-2E5339808192}.Debug|x86.Build.0 = Debug|Win32
		{B438BD6A-85DB-4A58-A96D-2E5339808192}.Release|Any CPU.ActiveCfg = Release|Win32
		{B438BD6A-85DB-4A58-A96D-2E5339808192}.Release|x64.ActiveCfg = Release|x64
		{B438BD6A-85DB-4A58-A96D-2E5339808192}.Release|x64.Build.0 = Release|x64
		{B438BD6A-85DB-4A58-A96D-2E5339808192}.Release|x86.ActiveCfg = Release|Win32
		{B438BD6A-85DB-4A58-A96D-2E5339808192}.Release|x86.Build.0 = Release|Win32
		{BB679290-3A05-4C55-8425-0CF1439C7B4C}.Debug|Any CPU.ActiveCfg = Debug|Win32
		{BB679290-3A05-4C55-8425-0CF1439C7B4C}.Debug|x64.ActiveCfg = Debug|x64
		{BB679290-3A05-4C55-8425-0CF1439C7B4C}.Debug|x64.Build.0 = Debug|x64
		{BB679290-3A05-4C55-8425-0CF1439C7B4C}.Debug|x86.ActiveCfg = Debug|Win32
		{BB679290-3A05-4C55-8425-0CF1439C7B4C}.Debug|x86.Build.0 = Debug|Win32
		{BB679290-3A05-4C55-8425-0CF1439C7B4C}.Release|Any CPU.ActiveCfg = Release|Win32
		{BB679290-3A05-4C55-8425-0CF1439C7B4C}.Release|x64.ActiveCfg = Release|x64
		{BB679290-3A05-4C55-8425-0CF1439C7B4C}.Release|x64.Build.0 = Release|x64
		{BB679290-3A05-4C55-8425-0CF1439C7B4C}.Release|x86.ActiveCfg = Release|Win32
		{BB679290-3A05-4C55-8425-0CF1439C7B4C}.Release|x86.Build.0 = Release|Win32
	EndGlobalSection
	GlobalSection(SolutionProperties) = preSolution
		HideSolutionNode = FALSE
	EndGlobalSection
	GlobalSection(ExtensibilityGlobals) = postSolution
		SolutionGuid = {022EDB10-3A82-4180-B507-385717AD6BF1}
	EndGlobalSection
EndGlobal
